
Microsoft Visual Studio Solution File, Format Version 12.00
# Visual Studio 15
VisualStudioVersion = 15.0.28307.106
MinimumVisualStudioVersion = 10.0.40219.1
Project("{FAE04EC0-301F-11D3-BF4B-00C04F79EFBC}") = "Sample06", "Sample06\Sample06.csproj", "{31E15F33-E7E8-451F-A335-531F0EB32481}"
EndProject
Global
	GlobalSection(SolutionConfigurationPlatforms) = preSolution
		Debug|Any CPU = Debug|Any CPU
		Release|Any CPU = Release|Any CPU
	EndGlobalSection
	GlobalSection(ProjectConfigurationPlatforms) = postSolution
		{31E15F33-E7E8-451F-A335-531F0EB32481}.Debug|Any CPU.ActiveCfg = Debug|Any CPU
		{31E15F33-E7E8-451F-A335-531F0EB32481}.Debug|Any CPU.Build.0 = Debug|Any CPU
		{31E15F33-E7E8-451F-A335-531F0EB32481}.Release|Any CPU.ActiveCfg = Release|Any CPU
		{31E15F33-E7E8-451F-A335-531F0EB32481}.Release|Any CPU.Build.0 = Release|Any CPU
	EndGlobalSection
	GlobalSection(SolutionProperties) = preSolution
		HideSolutionNode = FALSE
	EndGlobalSection
	GlobalSection(ExtensibilityGlobals) = postSolution
		SolutionGuid = {D8A7CABF-CCFC-42C6-A4C4-1705FC3628D3}
	EndGlobalSection
EndGlobal
